
Microsoft Visual Studio Solution File, Format Version 12.00
# Visual Studio 14
VisualStudioVersion = 14.0.25420.1
MinimumVisualStudioVersion = 10.0.40219.1
Project("{2150E333-8FDC-42A3-9474-1A3956D46DE8}") = "docs", "docs", "{BD9C6F40-445B-49A6-A3C2-89441CAE6AB6}"
	ProjectSection(SolutionItems) = preProject
		docs\about-character-mode-applications.md = docs\about-character-mode-applications.md
		docs\addconsolealias.md = docs\addconsolealias.md
		docs\allocconsole.md = docs\allocconsole.md
		docs\attachconsole.md = docs\attachconsole.md
		docs\attaching-to-a-console.md = docs\attaching-to-a-console.md
		docs\char-info-str.md = docs\char-info-str.md
		docs\character-mode-applications.md = docs\character-mode-applications.md
		docs\clearing-the-screen.md = docs\clearing-the-screen.md
		docs\closing-a-console.md = docs\closing-a-console.md
		docs\console-aliases.md = docs\console-aliases.md
		docs\console-application-issues.md = docs\console-application-issues.md
		docs\console-buffer-security-and-access-rights.md = docs\console-buffer-security-and-access-rights.md
		docs\console-code-pages.md = docs\console-code-pages.md
		docs\console-control-handlers.md = docs\console-control-handlers.md
		docs\console-cursor-info-str.md = docs\console-cursor-info-str.md
		docs\console-font-info-str.md = docs\console-font-info-str.md
		docs\console-font-infoex.md = docs\console-font-infoex.md
		docs\console-functions.md = docs\console-functions.md
		docs\console-handles.md = docs\console-handles.md
		docs\console-history-info.md = docs\console-history-info.md
		docs\console-input-buffer.md = docs\console-input-buffer.md
		docs\console-modes.md = docs\console-modes.md
		docs\console-process-groups.md = docs\console-process-groups.md
		docs\console-readconsole-control.md = docs\console-readconsole-control.md
		docs\console-reference.md = docs\console-reference.md
		docs\console-screen-buffer-info-str.md = docs\console-screen-buffer-info-str.md
		docs\console-screen-buffer-infoex.md = docs\console-screen-buffer-infoex.md
		docs\console-screen-buffers.md = docs\console-screen-buffers.md
		docs\console-selection-info-str.md = docs\console-selection-info-str.md
		docs\console-selection.md = docs\console-selection.md
		docs\console-structures.md = docs\console-structures.md
		docs\console-virtual-terminal-sequences.md = docs\console-virtual-terminal-sequences.md
		docs\console-winevents.md = docs\console-winevents.md
		docs\consoles.md = docs\consoles.md
		docs\coord-str.md = docs\coord-str.md
		docs\createconsolescreenbuffer.md = docs\createconsolescreenbuffer.md
		docs\creation-of-a-console.md = docs\creation-of-a-console.md
		docs\ctrl-c-and-ctrl-break-signals.md = docs\ctrl-c-and-ctrl-break-signals.md
		docs\ctrl-close-signal.md = docs\ctrl-close-signal.md
		docs\docfx.json = docs\docfx.json
		docs\fillconsoleoutputattribute.md = docs\fillconsoleoutputattribute.md
		docs\fillconsoleoutputcharacter.md = docs\fillconsoleoutputcharacter.md
		docs\flushconsoleinputbuffer.md = docs\flushconsoleinputbuffer.md
		docs\focus-event-record-str.md = docs\focus-event-record-str.md
		docs\freeconsole.md = docs\freeconsole.md
		docs\generateconsolectrlevent.md = docs\generateconsolectrlevent.md
		docs\getconsolealias.md = docs\getconsolealias.md
		docs\getconsolealiases.md = docs\getconsolealiases.md
		docs\getconsolealiaseslength.md = docs\getconsolealiaseslength.md
		docs\getconsolealiasexes.md = docs\getconsolealiasexes.md
		docs\getconsolealiasexeslength.md = docs\getconsolealiasexeslength.md
		docs\getconsolecp.md = docs\getconsolecp.md
		docs\getconsolecursorinfo.md = docs\getconsolecursorinfo.md
		docs\getconsoledisplaymode.md = docs\getconsoledisplaymode.md
		docs\getconsolefontsize.md = docs\getconsolefontsize.md
		docs\getconsolehistoryinfo.md = docs\getconsolehistoryinfo.md
		docs\getconsolemode.md = docs\getconsolemode.md
		docs\getconsoleoriginaltitle.md = docs\getconsoleoriginaltitle.md
		docs\getconsoleoutputcp.md = docs\getconsoleoutputcp.md
		docs\getconsoleprocesslist.md = docs\getconsoleprocesslist.md
		docs\getconsolescreenbufferinfo.md = docs\getconsolescreenbufferinfo.md
		docs\getconsolescreenbufferinfoex.md = docs\getconsolescreenbufferinfoex.md
		docs\getconsoleselectioninfo.md = docs\getconsoleselectioninfo.md
		docs\getconsoletitle.md = docs\getconsoletitle.md
		docs\getconsolewindow.md = docs\getconsolewindow.md
		docs\getcurrentconsolefont.md = docs\getcurrentconsolefont.md
		docs\getcurrentconsolefontex.md = docs\getcurrentconsolefontex.md
		docs\getlargestconsolewindowsize.md = docs\getlargestconsolewindowsize.md
		docs\getnumberofconsoleinputevents.md = docs\getnumberofconsoleinputevents.md
		docs\getnumberofconsolemousebuttons.md = docs\getnumberofconsolemousebuttons.md
		docs\getstdhandle.md = docs\getstdhandle.md
		docs\handlerroutine.md = docs\handlerroutine.md
		docs\high-level-console-i-o.md = docs\high-level-console-i-o.md
		docs\high-level-console-input-and-output-functions.md = docs\high-level-console-input-and-output-functions.md
		docs\high-level-console-modes.md = docs\high-level-console-modes.md
		docs\input-and-output-methods.md = docs\input-and-output-methods.md
		docs\input-record-str.md = docs\input-record-str.md
		docs\key-event-record-str.md = docs\key-event-record-str.md
		docs\low-level-console-i-o.md = docs\low-level-console-i-o.md
		docs\low-level-console-input-functions.md = docs\low-level-console-input-functions.md
		docs\low-level-console-modes.md = docs\low-level-console-modes.md
		docs\low-level-console-output-functions.md = docs\low-level-console-output-functions.md
		docs\menu-event-record-str.md = docs\menu-event-record-str.md
		docs\mouse-event-record-str.md = docs\mouse-event-record-str.md
		docs\peekconsoleinput.md = docs\peekconsoleinput.md
		docs\readconsole.md = docs\readconsole.md
		docs\readconsoleinput.md = docs\readconsoleinput.md
		docs\readconsoleoutput.md = docs\readconsoleoutput.md
		docs\readconsoleoutputattribute.md = docs\readconsoleoutputattribute.md
		docs\readconsoleoutputcharacter.md = docs\readconsoleoutputcharacter.md
		docs\reading-and-writing-blocks-of-characters-and-attributes.md = docs\reading-and-writing-blocks-of-characters-and-attributes.md
		docs\reading-input-buffer-events.md = docs\reading-input-buffer-events.md
		docs\registering-a-control-handler-function.md = docs\registering-a-control-handler-function.md
		docs\scrollconsolescreenbuffer.md = docs\scrollconsolescreenbuffer.md
		docs\scrolling-a-screen-buffer-s-contents.md = docs\scrolling-a-screen-buffer-s-contents.md
		docs\scrolling-a-screen-buffer-s-window.md = docs\scrolling-a-screen-buffer-s-window.md
		docs\scrolling-the-screen-buffer.md = docs\scrolling-the-screen-buffer.md
		docs\setconsoleactivescreenbuffer.md = docs\setconsoleactivescreenbuffer.md
		docs\setconsolecp.md = docs\setconsolecp.md
		docs\setconsolectrlhandler.md = docs\setconsolectrlhandler.md
		docs\setconsolecursorinfo.md = docs\setconsolecursorinfo.md
		docs\setconsolecursorposition.md = docs\setconsolecursorposition.md
		docs\setconsoledisplaymode.md = docs\setconsoledisplaymode.md
		docs\setconsolehistoryinfo.md = docs\setconsolehistoryinfo.md
		docs\setconsolemode.md = docs\setconsolemode.md
		docs\setconsoleoutputcp.md = docs\setconsoleoutputcp.md
		docs\setconsolescreenbufferinfoex.md = docs\setconsolescreenbufferinfoex.md
		docs\setconsolescreenbuffersize.md = docs\setconsolescreenbuffersize.md
		docs\setconsoletextattribute.md = docs\setconsoletextattribute.md
		docs\setconsoletitle.md = docs\setconsoletitle.md
		docs\setconsolewindowinfo.md = docs\setconsolewindowinfo.md
		docs\setcurrentconsolefontex.md = docs\setcurrentconsolefontex.md
		docs\setstdhandle.md = docs\setstdhandle.md
		docs\small-rect-str.md = docs\small-rect-str.md
		docs\TOC.md = docs\TOC.md
		docs\using-the-console.md = docs\using-the-console.md
		docs\using-the-high-level-input-and-output-functions.md = docs\using-the-high-level-input-and-output-functions.md
		docs\window-and-screen-buffer-size.md = docs\window-and-screen-buffer-size.md
		docs\window-buffer-size-record-str.md = docs\window-buffer-size-record-str.md
		docs\writeconsole.md = docs\writeconsole.md
		docs\writeconsoleinput.md = docs\writeconsoleinput.md
		docs\writeconsoleoutput.md = docs\writeconsoleoutput.md
		docs\writeconsoleoutputattribute.md = docs\writeconsoleoutputattribute.md
		docs\writeconsoleoutputcharacter.md = docs\writeconsoleoutputcharacter.md
	EndProjectSection
EndProject
Project("{2150E333-8FDC-42A3-9474-1A3956D46DE8}") = "images", "images", "{5D441984-0935-4709-A050-2CEE992ACFB8}"
	ProjectSection(SolutionItems) = preProject
		docs\images\cscon-01.png = docs\images\cscon-01.png
		docs\images\cscon-02.png = docs\images\cscon-02.png
		docs\images\cscon-03.png = docs\images\cscon-03.png
		docs\images\sgr.png = docs\images\sgr.png
	EndProjectSection
EndProject
Global
	GlobalSection(SolutionProperties) = preSolution
		HideSolutionNode = FALSE
	EndGlobalSection
	GlobalSection(NestedProjects) = preSolution
		{5D441984-0935-4709-A050-2CEE992ACFB8} = {BD9C6F40-445B-49A6-A3C2-89441CAE6AB6}
	EndGlobalSection
EndGlobal
